
Microsoft Visual Studio Solution File, Format Version 12.00
# Visual Studio 15
VisualStudioVersion = 15.0.27703.2047
MinimumVisualStudioVersion = 10.0.40219.1
Project("{FAE04EC0-301F-11D3-BF4B-00C04F79EFBC}") = "Market", "Market\Market.csproj", "{804DF71E-78E7-408B-B94C-FF2FB46095FD}"
EndProject
Project("{FAE04EC0-301F-11D3-BF4B-00C04F79EFBC}") = "Market.Tests", "Market.Tests\Market.Tests.csproj", "{C2D90EED-5C62-49CB-B8DE-71ED806E9998}"
EndProject
Project("{159641D6-6404-4A2A-AE62-294DE0FE8301}") = "MarketDW", "MarketDW\MarketDW.dtproj", "{3D2987B0-37DA-4E30-9234-7EB04BE89F1D}"
EndProject
Global
	GlobalSection(SolutionConfigurationPlatforms) = preSolution
		Debug|Any CPU = Debug|Any CPU
		Development|Any CPU = Development|Any CPU
		Release|Any CPU = Release|Any CPU
	EndGlobalSection
	GlobalSection(ProjectConfigurationPlatforms) = postSolution
		{804DF71E-78E7-408B-B94C-FF2FB46095FD}.Debug|Any CPU.ActiveCfg = Debug|Any CPU
		{804DF71E-78E7-408B-B94C-FF2FB46095FD}.Debug|Any CPU.Build.0 = Debug|Any CPU
		{804DF71E-78E7-408B-B94C-FF2FB46095FD}.Development|Any CPU.ActiveCfg = Debug|Any CPU
		{804DF71E-78E7-408B-B94C-FF2FB46095FD}.Development|Any CPU.Build.0 = Debug|Any CPU
		{804DF71E-78E7-408B-B94C-FF2FB46095FD}.Release|Any CPU.ActiveCfg = Release|Any CPU
		{804DF71E-78E7-408B-B94C-FF2FB46095FD}.Release|Any CPU.Build.0 = Release|Any CPU
		{C2D90EED-5C62-49CB-B8DE-71ED806E9998}.Debug|Any CPU.ActiveCfg = Debug|Any CPU
		{C2D90EED-5C62-49CB-B8DE-71ED806E9998}.Debug|Any CPU.Build.0 = Debug|Any CPU
		{C2D90EED-5C62-49CB-B8DE-71ED806E9998}.Development|Any CPU.ActiveCfg = Debug|Any CPU
		{C2D90EED-5C62-49CB-B8DE-71ED806E9998}.Development|Any CPU.Build.0 = Debug|Any CPU
		{C2D90EED-5C62-49CB-B8DE-71ED806E9998}.Release|Any CPU.ActiveCfg = Release|Any CPU
		{C2D90EED-5C62-49CB-B8DE-71ED806E9998}.Release|Any CPU.Build.0 = Release|Any CPU
		{3D2987B0-37DA-4E30-9234-7EB04BE89F1D}.Debug|Any CPU.ActiveCfg = Development
		{3D2987B0-37DA-4E30-9234-7EB04BE89F1D}.Debug|Any CPU.Build.0 = Development
		{3D2987B0-37DA-4E30-9234-7EB04BE89F1D}.Development|Any CPU.ActiveCfg = Development
		{3D2987B0-37DA-4E30-9234-7EB04BE89F1D}.Development|Any CPU.Build.0 = Development
		{3D2987B0-37DA-4E30-9234-7EB04BE89F1D}.Release|Any CPU.ActiveCfg = Development
		{3D2987B0-37DA-4E30-9234-7EB04BE89F1D}.Release|Any CPU.Build.0 = Development
	EndGlobalSection
	GlobalSection(SolutionProperties) = preSolution
		HideSolutionNode = FALSE
	EndGlobalSection
	GlobalSection(ExtensibilityGlobals) = postSolution
		SolutionGuid = {994BCF10-B2EB-4C7D-BCF4-F0F816C9890C}
	EndGlobalSection
EndGlobal
